
Microsoft Visual Studio Solution File, Format Version 12.00
# Visual Studio Version 17
VisualStudioVersion = 17.7.34221.43
MinimumVisualStudioVersion = 10.0.40219.1
Project("{9A19103F-16F7-4668-BE54-9A1E7A4F7556}") = "PortfolioMergeSort", "PortfolioMergeSort.csproj", "{7B87C7D5-F0EB-4C7D-A822-4E93DF7C42E0}"
EndProject
Global
	GlobalSection(SolutionConfigurationPlatforms) = preSolution
		Debug|Any CPU = Debug|Any CPU
		Release|Any CPU = Release|Any CPU
	EndGlobalSection
	GlobalSection(ProjectConfigurationPlatforms) = postSolution
		{7B87C7D5-F0EB-4C7D-A822-4E93DF7C42E0}.Debug|Any CPU.ActiveCfg = Debug|Any CPU
		{7B87C7D5-F0EB-4C7D-A822-4E93DF7C42E0}.Debug|Any CPU.Build.0 = Debug|Any CPU
		{7B87C7D5-F0EB-4C7D-A822-4E93DF7C42E0}.Release|Any CPU.ActiveCfg = Release|Any CPU
		{7B87C7D5-F0EB-4C7D-A822-4E93DF7C42E0}.Release|Any CPU.Build.0 = Release|Any CPU
	EndGlobalSection
	GlobalSection(SolutionProperties) = preSolution
		HideSolutionNode = FALSE
	EndGlobalSection
	GlobalSection(ExtensibilityGlobals) = postSolution
		SolutionGuid = {E4C16434-9AA5-4913-9AD8-E056F959A882}
	EndGlobalSection
EndGlobal
